
Microsoft Visual Studio Solution File, Format Version 12.00
# Visual Studio 15
VisualStudioVersion = 15.0.27130.2020
MinimumVisualStudioVersion = 10.0.40219.1
Project("{FAE04EC0-301F-11D3-BF4B-00C04F79EFBC}") = "Glossary", "Glossary\Glossary.csproj", "{BE92DC8F-C7CC-4B2D-9E7D-E1B53216DCC1}"
EndProject
Project("{FAE04EC0-301F-11D3-BF4B-00C04F79EFBC}") = "GlossaryService", "GlossaryService\GlossaryService.csproj", "{817D4419-3FE9-4D7E-9A83-BC16F210173C}"
EndProject
Project("{FAE04EC0-301F-11D3-BF4B-00C04F79EFBC}") = "EntityFrameworkRepository", "EntityFrameworkRepository\EntityFrameworkRepository.csproj", "{71B65674-ED4A-4E29-9E42-44256ACB95D5}"
EndProject
Project("{FAE04EC0-301F-11D3-BF4B-00C04F79EFBC}") = "GlossaryService.UnitTests", "GlossaryService.UnitTests\GlossaryService.UnitTests.csproj", "{A841F036-FE65-46F5-B599-DE14C09127BF}"
EndProject
Global
	GlobalSection(SolutionConfigurationPlatforms) = preSolution
		Debug|Any CPU = Debug|Any CPU
		Release|Any CPU = Release|Any CPU
	EndGlobalSection
	GlobalSection(ProjectConfigurationPlatforms) = postSolution
		{BE92DC8F-C7CC-4B2D-9E7D-E1B53216DCC1}.Debug|Any CPU.ActiveCfg = Debug|Any CPU
		{BE92DC8F-C7CC-4B2D-9E7D-E1B53216DCC1}.Debug|Any CPU.Build.0 = Debug|Any CPU
		{BE92DC8F-C7CC-4B2D-9E7D-E1B53216DCC1}.Release|Any CPU.ActiveCfg = Release|Any CPU
		{BE92DC8F-C7CC-4B2D-9E7D-E1B53216DCC1}.Release|Any CPU.Build.0 = Release|Any CPU
		{817D4419-3FE9-4D7E-9A83-BC16F210173C}.Debug|Any CPU.ActiveCfg = Debug|Any CPU
		{817D4419-3FE9-4D7E-9A83-BC16F210173C}.Debug|Any CPU.Build.0 = Debug|Any CPU
		{817D4419-3FE9-4D7E-9A83-BC16F210173C}.Release|Any CPU.ActiveCfg = Release|Any CPU
		{817D4419-3FE9-4D7E-9A83-BC16F210173C}.Release|Any CPU.Build.0 = Release|Any CPU
		{71B65674-ED4A-4E29-9E42-44256ACB95D5}.Debug|Any CPU.ActiveCfg = Debug|Any CPU
		{71B65674-ED4A-4E29-9E42-44256ACB95D5}.Debug|Any CPU.Build.0 = Debug|Any CPU
		{71B65674-ED4A-4E29-9E42-44256ACB95D5}.Release|Any CPU.ActiveCfg = Release|Any CPU
		{71B65674-ED4A-4E29-9E42-44256ACB95D5}.Release|Any CPU.Build.0 = Release|Any CPU
		{A841F036-FE65-46F5-B599-DE14C09127BF}.Debug|Any CPU.ActiveCfg = Debug|Any CPU
		{A841F036-FE65-46F5-B599-DE14C09127BF}.Debug|Any CPU.Build.0 = Debug|Any CPU
		{A841F036-FE65-46F5-B599-DE14C09127BF}.Release|Any CPU.ActiveCfg = Release|Any CPU
		{A841F036-FE65-46F5-B599-DE14C09127BF}.Release|Any CPU.Build.0 = Release|Any CPU
	EndGlobalSection
	GlobalSection(SolutionProperties) = preSolution
		HideSolutionNode = FALSE
	EndGlobalSection
	GlobalSection(ExtensibilityGlobals) = postSolution
		SolutionGuid = {06E08419-B3A9-4A84-87E5-BA1F96513124}
	EndGlobalSection
EndGlobal
