
Microsoft Visual Studio Solution File, Format Version 12.00
# Visual Studio 15
VisualStudioVersion = 15.0.27130.2020
MinimumVisualStudioVersion = 10.0.40219.1
Project("{9A19103F-16F7-4668-BE54-9A1E7A4F7556}") = "ConsoleMeetingBooker", "ConsoleMeetingBooker\ConsoleMeetingBooker.csproj", "{F51FE4DF-F498-4CEC-828E-46510A62A3A1}"
EndProject
Project("{9A19103F-16F7-4668-BE54-9A1E7A4F7556}") = "BookingModuleService", "BookingService\BookingModuleService.csproj", "{F964548C-AD9E-4182-9A89-B07AFEFBBE9B}"
EndProject
Project("{9A19103F-16F7-4668-BE54-9A1E7A4F7556}") = "BookingModuleService.UnitTests", "BookingService.UnitTests\BookingModuleService.UnitTests.csproj", "{794FC1F3-0A50-47DD-BF37-5DBB080AC87A}"
EndProject
Project("{9A19103F-16F7-4668-BE54-9A1E7A4F7556}") = "Entities", "Entities\Entities.csproj", "{AADC4AF7-63E0-4AC6-9134-384374F43B8C}"
EndProject
Global
	GlobalSection(SolutionConfigurationPlatforms) = preSolution
		Debug|Any CPU = Debug|Any CPU
		Release|Any CPU = Release|Any CPU
	EndGlobalSection
	GlobalSection(ProjectConfigurationPlatforms) = postSolution
		{F51FE4DF-F498-4CEC-828E-46510A62A3A1}.Debug|Any CPU.ActiveCfg = Debug|Any CPU
		{F51FE4DF-F498-4CEC-828E-46510A62A3A1}.Debug|Any CPU.Build.0 = Debug|Any CPU
		{F51FE4DF-F498-4CEC-828E-46510A62A3A1}.Release|Any CPU.ActiveCfg = Release|Any CPU
		{F51FE4DF-F498-4CEC-828E-46510A62A3A1}.Release|Any CPU.Build.0 = Release|Any CPU
		{F964548C-AD9E-4182-9A89-B07AFEFBBE9B}.Debug|Any CPU.ActiveCfg = Debug|Any CPU
		{F964548C-AD9E-4182-9A89-B07AFEFBBE9B}.Debug|Any CPU.Build.0 = Debug|Any CPU
		{F964548C-AD9E-4182-9A89-B07AFEFBBE9B}.Release|Any CPU.ActiveCfg = Release|Any CPU
		{F964548C-AD9E-4182-9A89-B07AFEFBBE9B}.Release|Any CPU.Build.0 = Release|Any CPU
		{794FC1F3-0A50-47DD-BF37-5DBB080AC87A}.Debug|Any CPU.ActiveCfg = Debug|Any CPU
		{794FC1F3-0A50-47DD-BF37-5DBB080AC87A}.Debug|Any CPU.Build.0 = Debug|Any CPU
		{794FC1F3-0A50-47DD-BF37-5DBB080AC87A}.Release|Any CPU.ActiveCfg = Release|Any CPU
		{794FC1F3-0A50-47DD-BF37-5DBB080AC87A}.Release|Any CPU.Build.0 = Release|Any CPU
		{AADC4AF7-63E0-4AC6-9134-384374F43B8C}.Debug|Any CPU.ActiveCfg = Debug|Any CPU
		{AADC4AF7-63E0-4AC6-9134-384374F43B8C}.Debug|Any CPU.Build.0 = Debug|Any CPU
		{AADC4AF7-63E0-4AC6-9134-384374F43B8C}.Release|Any CPU.ActiveCfg = Release|Any CPU
		{AADC4AF7-63E0-4AC6-9134-384374F43B8C}.Release|Any CPU.Build.0 = Release|Any CPU
	EndGlobalSection
	GlobalSection(SolutionProperties) = preSolution
		HideSolutionNode = FALSE
	EndGlobalSection
	GlobalSection(ExtensibilityGlobals) = postSolution
		SolutionGuid = {806480A9-670C-4ED9-BD69-59DC98F31FC4}
	EndGlobalSection
EndGlobal
